
Microsoft Visual Studio Solution File, Format Version 12.00
# Visual Studio Version 16
VisualStudioVersion = 25.0.1706.1
MinimumVisualStudioVersion = 10.0.40219.1
Project("{FAE04EC0-301F-11D3-BF4B-00C04F79EFBC}") = "alfasoftexercicio", "alfasoftexercicio\alfasoftexercicio.csproj", "{DA29856C-DB1F-4794-9AFF-CF304653A518}"
EndProject
Global
	GlobalSection(SolutionConfigurationPlatforms) = preSolution
		Debug|Any CPU = Debug|Any CPU
		Release|Any CPU = Release|Any CPU
	EndGlobalSection
	GlobalSection(ProjectConfigurationPlatforms) = postSolution
		{DA29856C-DB1F-4794-9AFF-CF304653A518}.Debug|Any CPU.ActiveCfg = Debug|Any CPU
		{DA29856C-DB1F-4794-9AFF-CF304653A518}.Debug|Any CPU.Build.0 = Debug|Any CPU
		{DA29856C-DB1F-4794-9AFF-CF304653A518}.Release|Any CPU.ActiveCfg = Release|Any CPU
		{DA29856C-DB1F-4794-9AFF-CF304653A518}.Release|Any CPU.Build.0 = Release|Any CPU
	EndGlobalSection
	GlobalSection(SolutionProperties) = preSolution
		HideSolutionNode = FALSE
	EndGlobalSection
	GlobalSection(ExtensibilityGlobals) = postSolution
		SolutionGuid = {7B4ACCD7-6B5B-4AF4-99D1-5945A7291FB4}
	EndGlobalSection
EndGlobal
